{
  "name": "stability-patterns-cockatiel-demo",
  "version": "1.0.0",
  "lockfileVersion": 1,
  "requires": true,
  "dependencies": {
    "cockatiel": {
      "version": "2.0.0",
      "resolved": "https://registry.npmjs.org/cockatiel/-/cockatiel-2.0.0.tgz",
      "integrity": "sha512-zEobgx9f8RGBpPAuR8/z0nXJCuz7lrk3KcbUNEo0QxE/5/EM3fvk9LoL+Egm2CmMwFONlQyOKYbXMDwY+sXKXw=="
    }
  }
}
